
Microsoft Visual Studio Solution File, Format Version 12.00
# Visual Studio Version 16
VisualStudioVersion = 16.0.35026.282
MinimumVisualStudioVersion = 10.0.40219.1
Project("{FAE04EC0-301F-11D3-BF4B-00C04F79EFBC}") = "WebApplication2", "WebApplication2\WebApplication2.csproj", "{88314B6A-8A86-4688-A257-0AA2B1ECDF1A}"
EndProject
Global
	GlobalSection(SolutionConfigurationPlatforms) = preSolution
		Debug|Any CPU = Debug|Any CPU
		Release|Any CPU = Release|Any CPU
	EndGlobalSection
	GlobalSection(ProjectConfigurationPlatforms) = postSolution
		{88314B6A-8A86-4688-A257-0AA2B1ECDF1A}.Debug|Any CPU.ActiveCfg = Debug|Any CPU
		{88314B6A-8A86-4688-A257-0AA2B1ECDF1A}.Debug|Any CPU.Build.0 = Debug|Any CPU
		{88314B6A-8A86-4688-A257-0AA2B1ECDF1A}.Release|Any CPU.ActiveCfg = Release|Any CPU
		{88314B6A-8A86-4688-A257-0AA2B1ECDF1A}.Release|Any CPU.Build.0 = Release|Any CPU
	EndGlobalSection
	GlobalSection(SolutionProperties) = preSolution
		HideSolutionNode = FALSE
	EndGlobalSection
	GlobalSection(ExtensibilityGlobals) = postSolution
		SolutionGuid = {279AF764-D5D3-4AB3-A8F9-3C1301B8601F}
	EndGlobalSection
EndGlobal
